// !$*UTF8*$!
{
	archiveVersion = 1;
	classes = {
	};
	objectVersion = 56;
	objects = {

/* Begin PBXBuildFile section */
		252DEB30338280846E8EDB8D /* Pods_NewsApplicationTests.framework in Frameworks */ = {isa = PBXBuildFile; fileRef = 80F80CEE49ED88C45B0B75FD /* Pods_NewsApplicationTests.framework */; };
		337E206E7F0B0B898DB4214C /* Pods_NewsApplication.framework in Frameworks */ = {isa = PBXBuildFile; fileRef = A79084F636C5DC1C61889DF5 /* Pods_NewsApplication.framework */; };
		D49F7CC7E7BC6A775778356C /* Pods_NewsApplication_NewsApplicationUITests.framework in Frameworks */ = {isa = PBXBuildFile; fileRef = CF4A60AA491735B9C9A1F6C1 /* Pods_NewsApplication_NewsApplicationUITests.framework */; };
		DA06B3282C0DDF2900C09DB1 /* MainTabbarViewController.swift in Sources */ = {isa = PBXBuildFile; fileRef = DA06B3272C0DDF2900C09DB1 /* MainTabbarViewController.swift */; };
		DA06B32B2C0DDFA100C09DB1 /* SearchNewsViewController.swift in Sources */ = {isa = PBXBuildFile; fileRef = DA06B32A2C0DDFA100C09DB1 /* SearchNewsViewController.swift */; };
		DA06B32D2C0DDFCD00C09DB1 /* SearchNews.xib in Resources */ = {isa = PBXBuildFile; fileRef = DA06B32C2C0DDFCD00C09DB1 /* SearchNews.xib */; };
		DA06B3302C0DE0CD00C09DB1 /* SearchFieldView.swift in Sources */ = {isa = PBXBuildFile; fileRef = DA06B32F2C0DE0CD00C09DB1 /* SearchFieldView.swift */; };
		DA06B3322C0DE0D700C09DB1 /* SearchFieldView.xib in Resources */ = {isa = PBXBuildFile; fileRef = DA06B3312C0DE0D700C09DB1 /* SearchFieldView.xib */; };
		DA06B3342C0DE4F800C09DB1 /* SearchNewsViewModel.swift in Sources */ = {isa = PBXBuildFile; fileRef = DA06B3332C0DE4F800C09DB1 /* SearchNewsViewModel.swift */; };
		DA7C656F2C0A05AD00629404 /* NewsCollectionViewCell.swift in Sources */ = {isa = PBXBuildFile; fileRef = DA7C656D2C0A05AD00629404 /* NewsCollectionViewCell.swift */; };
		DA7C65702C0A05AD00629404 /* NewsCollectionViewCell.xib in Resources */ = {isa = PBXBuildFile; fileRef = DA7C656E2C0A05AD00629404 /* NewsCollectionViewCell.xib */; };
		DA7C65732C0A546900629404 /* Configuration.swift in Sources */ = {isa = PBXBuildFile; fileRef = DA7C65722C0A546900629404 /* Configuration.swift */; };
		DA7C65752C0A54D900629404 /* Network.swift in Sources */ = {isa = PBXBuildFile; fileRef = DA7C65742C0A54D900629404 /* Network.swift */; };
		DA7C65782C0A567700629404 /* NewsModel.swift in Sources */ = {isa = PBXBuildFile; fileRef = DA7C65772C0A567700629404 /* NewsModel.swift */; };
		DA7C657A2C0B2A7E00629404 /* MainViewModel.swift in Sources */ = {isa = PBXBuildFile; fileRef = DA7C65792C0B2A7E00629404 /* MainViewModel.swift */; };
		DA9B4FC82C0CCCA600049223 /* TopicNews.xib in Resources */ = {isa = PBXBuildFile; fileRef = DA9B4FC72C0CCCA600049223 /* TopicNews.xib */; };
		DA9B4FCA2C0CCCB100049223 /* TopicNewsViewController.swift in Sources */ = {isa = PBXBuildFile; fileRef = DA9B4FC92C0CCCB100049223 /* TopicNewsViewController.swift */; };
		DAA9BBF62C09CD9C00622417 /* AppDelegate.swift in Sources */ = {isa = PBXBuildFile; fileRef = DAA9BBF52C09CD9C00622417 /* AppDelegate.swift */; };
		DAA9BBF82C09CD9D00622417 /* SceneDelegate.swift in Sources */ = {isa = PBXBuildFile; fileRef = DAA9BBF72C09CD9D00622417 /* SceneDelegate.swift */; };
		DAA9BBFA2C09CD9D00622417 /* ViewController.swift in Sources */ = {isa = PBXBuildFile; fileRef = DAA9BBF92C09CD9D00622417 /* ViewController.swift */; };
		DAA9BBFF2C09CDA400622417 /* Assets.xcassets in Resources */ = {isa = PBXBuildFile; fileRef = DAA9BBFE2C09CDA400622417 /* Assets.xcassets */; };
		DAA9BC022C09CDA400622417 /* Base in Resources */ = {isa = PBXBuildFile; fileRef = DAA9BC012C09CDA400622417 /* Base */; };
		DAA9BC0D2C09CDA500622417 /* NewsApplicationTests.swift in Sources */ = {isa = PBXBuildFile; fileRef = DAA9BC0C2C09CDA500622417 /* NewsApplicationTests.swift */; };
		DAA9BC172C09CDA500622417 /* NewsApplicationUITests.swift in Sources */ = {isa = PBXBuildFile; fileRef = DAA9BC162C09CDA500622417 /* NewsApplicationUITests.swift */; };
		DAA9BC192C09CDA500622417 /* NewsApplicationUITestsLaunchTests.swift in Sources */ = {isa = PBXBuildFile; fileRef = DAA9BC182C09CDA500622417 /* NewsApplicationUITestsLaunchTests.swift */; };
		DAA9BC282C09F2CE00622417 /* Main.xib in Resources */ = {isa = PBXBuildFile; fileRef = DAA9BC272C09F2CE00622417 /* Main.xib */; };
		DAA9BC2A2C09F2E000622417 /* MainViewController.swift in Sources */ = {isa = PBXBuildFile; fileRef = DAA9BC292C09F2E000622417 /* MainViewController.swift */; };
		DAA9BC2D2C09F80400622417 /* UIView+Extension.swift in Sources */ = {isa = PBXBuildFile; fileRef = DAA9BC2C2C09F80400622417 /* UIView+Extension.swift */; };
		DAA9BC312C09F87B00622417 /* SectionNewsTab.xib in Resources */ = {isa = PBXBuildFile; fileRef = DAA9BC302C09F87B00622417 /* SectionNewsTab.xib */; };
		DAA9BC332C09F88600622417 /* SectionNewsTab.swift in Sources */ = {isa = PBXBuildFile; fileRef = DAA9BC322C09F88600622417 /* SectionNewsTab.swift */; };
		DAA9BC3B2C09FBC200622417 /* NewsTableViewCell.xib in Resources */ = {isa = PBXBuildFile; fileRef = DAA9BC3A2C09FBC200622417 /* NewsTableViewCell.xib */; };
		DAA9BC3C2C09FBC200622417 /* NewsTableViewCell.swift in Sources */ = {isa = PBXBuildFile; fileRef = DAA9BC392C09FBC200622417 /* NewsTableViewCell.swift */; };
		DAAD95FD2C0CD28400E62030 /* TopicNewsViewModel.swift in Sources */ = {isa = PBXBuildFile; fileRef = DAAD95FC2C0CD28400E62030 /* TopicNewsViewModel.swift */; };
		DAB8DA5A2C0F058E0053C8DC /* UIViewController+Extension.swift in Sources */ = {isa = PBXBuildFile; fileRef = DAB8DA592C0F058E0053C8DC /* UIViewController+Extension.swift */; };
		DAB8DA5C2C0F08940053C8DC /* PopupModel.swift in Sources */ = {isa = PBXBuildFile; fileRef = DAB8DA5B2C0F08940053C8DC /* PopupModel.swift */; };
		DAC6C2E52C0CF93E002471B4 /* NewsImageTableTableViewCell.swift in Sources */ = {isa = PBXBuildFile; fileRef = DAC6C2E32C0CF93E002471B4 /* NewsImageTableTableViewCell.swift */; };
		DAC6C2E62C0CF93E002471B4 /* NewsImageTableTableViewCell.xib in Resources */ = {isa = PBXBuildFile; fileRef = DAC6C2E42C0CF93E002471B4 /* NewsImageTableTableViewCell.xib */; };
		DAC6C2E92C0D02E7002471B4 /* DetailNews.xib in Resources */ = {isa = PBXBuildFile; fileRef = DAC6C2E82C0D02E7002471B4 /* DetailNews.xib */; };
		DAC6C2EB2C0D02EE002471B4 /* DetailNewsViewController.swift in Sources */ = {isa = PBXBuildFile; fileRef = DAC6C2EA2C0D02EE002471B4 /* DetailNewsViewController.swift */; };
/* End PBXBuildFile section */

/* Begin PBXContainerItemProxy section */
		DAA9BC092C09CDA500622417 /* PBXContainerItemProxy */ = {
			isa = PBXContainerItemProxy;
			containerPortal = DAA9BBEA2C09CD9C00622417 /* Project object */;
			proxyType = 1;
			remoteGlobalIDString = DAA9BBF12C09CD9C00622417;
			remoteInfo = NewsApplication;
		};
		DAA9BC132C09CDA500622417 /* PBXContainerItemProxy */ = {
			isa = PBXContainerItemProxy;
			containerPortal = DAA9BBEA2C09CD9C00622417 /* Project object */;
			proxyType = 1;
			remoteGlobalIDString = DAA9BBF12C09CD9C00622417;
			remoteInfo = NewsApplication;
		};
/* End PBXContainerItemProxy section */

/* Begin PBXFileReference section */
		056B4DADB05E7E42AE012FB1 /* Pods-NewsApplicationTests.release.xcconfig */ = {isa = PBXFileReference; includeInIndex = 1; lastKnownFileType = text.xcconfig; name = "Pods-NewsApplicationTests.release.xcconfig"; path = "Target Support Files/Pods-NewsApplicationTests/Pods-NewsApplicationTests.release.xcconfig"; sourceTree = "<group>"; };
		0CDEF9EFFE9DEA0E1FCD27E1 /* Pods-NewsApplication.release.xcconfig */ = {isa = PBXFileReference; includeInIndex = 1; lastKnownFileType = text.xcconfig; name = "Pods-NewsApplication.release.xcconfig"; path = "Target Support Files/Pods-NewsApplication/Pods-NewsApplication.release.xcconfig"; sourceTree = "<group>"; };
		80F80CEE49ED88C45B0B75FD /* Pods_NewsApplicationTests.framework */ = {isa = PBXFileReference; explicitFileType = wrapper.framework; includeInIndex = 0; path = Pods_NewsApplicationTests.framework; sourceTree = BUILT_PRODUCTS_DIR; };
		8F2575EEDA47D7AC30FE9DEC /* Pods-NewsApplicationTests.debug.xcconfig */ = {isa = PBXFileReference; includeInIndex = 1; lastKnownFileType = text.xcconfig; name = "Pods-NewsApplicationTests.debug.xcconfig"; path = "Target Support Files/Pods-NewsApplicationTests/Pods-NewsApplicationTests.debug.xcconfig"; sourceTree = "<group>"; };
		9E5407798716AA4B891034C3 /* Pods-NewsApplication.debug.xcconfig */ = {isa = PBXFileReference; includeInIndex = 1; lastKnownFileType = text.xcconfig; name = "Pods-NewsApplication.debug.xcconfig"; path = "Target Support Files/Pods-NewsApplication/Pods-NewsApplication.debug.xcconfig"; sourceTree = "<group>"; };
		A33E1148D6D43E9A63A369A2 /* Pods-NewsApplication-NewsApplicationUITests.release.xcconfig */ = {isa = PBXFileReference; includeInIndex = 1; lastKnownFileType = text.xcconfig; name = "Pods-NewsApplication-NewsApplicationUITests.release.xcconfig"; path = "Target Support Files/Pods-NewsApplication-NewsApplicationUITests/Pods-NewsApplication-NewsApplicationUITests.release.xcconfig"; sourceTree = "<group>"; };
		A79084F636C5DC1C61889DF5 /* Pods_NewsApplication.framework */ = {isa = PBXFileReference; explicitFileType = wrapper.framework; includeInIndex = 0; path = Pods_NewsApplication.framework; sourceTree = BUILT_PRODUCTS_DIR; };
		CF4A60AA491735B9C9A1F6C1 /* Pods_NewsApplication_NewsApplicationUITests.framework */ = {isa = PBXFileReference; explicitFileType = wrapper.framework; includeInIndex = 0; path = Pods_NewsApplication_NewsApplicationUITests.framework; sourceTree = BUILT_PRODUCTS_DIR; };
		D4BD2A5DD6A6356DED2ED718 /* Pods-NewsApplication-NewsApplicationUITests.debug.xcconfig */ = {isa = PBXFileReference; includeInIndex = 1; lastKnownFileType = text.xcconfig; name = "Pods-NewsApplication-NewsApplicationUITests.debug.xcconfig"; path = "Target Support Files/Pods-NewsApplication-NewsApplicationUITests/Pods-NewsApplication-NewsApplicationUITests.debug.xcconfig"; sourceTree = "<group>"; };
		DA06B3272C0DDF2900C09DB1 /* MainTabbarViewController.swift */ = {isa = PBXFileReference; lastKnownFileType = sourcecode.swift; path = MainTabbarViewController.swift; sourceTree = "<group>"; };
		DA06B32A2C0DDFA100C09DB1 /* SearchNewsViewController.swift */ = {isa = PBXFileReference; lastKnownFileType = sourcecode.swift; path = SearchNewsViewController.swift; sourceTree = "<group>"; };
		DA06B32C2C0DDFCD00C09DB1 /* SearchNews.xib */ = {isa = PBXFileReference; lastKnownFileType = file.xib; path = SearchNews.xib; sourceTree = "<group>"; };
		DA06B32F2C0DE0CD00C09DB1 /* SearchFieldView.swift */ = {isa = PBXFileReference; lastKnownFileType = sourcecode.swift; path = SearchFieldView.swift; sourceTree = "<group>"; };
		DA06B3312C0DE0D700C09DB1 /* SearchFieldView.xib */ = {isa = PBXFileReference; lastKnownFileType = file.xib; path = SearchFieldView.xib; sourceTree = "<group>"; };
		DA06B3332C0DE4F800C09DB1 /* SearchNewsViewModel.swift */ = {isa = PBXFileReference; lastKnownFileType = sourcecode.swift; path = SearchNewsViewModel.swift; sourceTree = "<group>"; };
		DA7C656D2C0A05AD00629404 /* NewsCollectionViewCell.swift */ = {isa = PBXFileReference; lastKnownFileType = sourcecode.swift; path = NewsCollectionViewCell.swift; sourceTree = "<group>"; };
		DA7C656E2C0A05AD00629404 /* NewsCollectionViewCell.xib */ = {isa = PBXFileReference; lastKnownFileType = file.xib; path = NewsCollectionViewCell.xib; sourceTree = "<group>"; };
		DA7C65722C0A546900629404 /* Configuration.swift */ = {isa = PBXFileReference; lastKnownFileType = sourcecode.swift; path = Configuration.swift; sourceTree = "<group>"; };
		DA7C65742C0A54D900629404 /* Network.swift */ = {isa = PBXFileReference; lastKnownFileType = sourcecode.swift; path = Network.swift; sourceTree = "<group>"; };
		DA7C65772C0A567700629404 /* NewsModel.swift */ = {isa = PBXFileReference; lastKnownFileType = sourcecode.swift; path = NewsModel.swift; sourceTree = "<group>"; };
		DA7C65792C0B2A7E00629404 /* MainViewModel.swift */ = {isa = PBXFileReference; lastKnownFileType = sourcecode.swift; path = MainViewModel.swift; sourceTree = "<group>"; };
		DA9B4FC72C0CCCA600049223 /* TopicNews.xib */ = {isa = PBXFileReference; lastKnownFileType = file.xib; path = TopicNews.xib; sourceTree = "<group>"; };
		DA9B4FC92C0CCCB100049223 /* TopicNewsViewController.swift */ = {isa = PBXFileReference; lastKnownFileType = sourcecode.swift; path = TopicNewsViewController.swift; sourceTree = "<group>"; };
		DAA9BBF22C09CD9C00622417 /* NewsApplication.app */ = {isa = PBXFileReference; explicitFileType = wrapper.application; includeInIndex = 0; path = NewsApplication.app; sourceTree = BUILT_PRODUCTS_DIR; };
		DAA9BBF52C09CD9C00622417 /* AppDelegate.swift */ = {isa = PBXFileReference; lastKnownFileType = sourcecode.swift; path = AppDelegate.swift; sourceTree = "<group>"; };
		DAA9BBF72C09CD9D00622417 /* SceneDelegate.swift */ = {isa = PBXFileReference; lastKnownFileType = sourcecode.swift; path = SceneDelegate.swift; sourceTree = "<group>"; };
		DAA9BBF92C09CD9D00622417 /* ViewController.swift */ = {isa = PBXFileReference; lastKnownFileType = sourcecode.swift; path = ViewController.swift; sourceTree = "<group>"; };
		DAA9BBFE2C09CDA400622417 /* Assets.xcassets */ = {isa = PBXFileReference; lastKnownFileType = folder.assetcatalog; path = Assets.xcassets; sourceTree = "<group>"; };
		DAA9BC012C09CDA400622417 /* Base */ = {isa = PBXFileReference; lastKnownFileType = file.storyboard; name = Base; path = Base.lproj/LaunchScreen.storyboard; sourceTree = "<group>"; };
		DAA9BC032C09CDA400622417 /* Info.plist */ = {isa = PBXFileReference; lastKnownFileType = text.plist.xml; path = Info.plist; sourceTree = "<group>"; };
		DAA9BC082C09CDA500622417 /* NewsApplicationTests.xctest */ = {isa = PBXFileReference; explicitFileType = wrapper.cfbundle; includeInIndex = 0; path = NewsApplicationTests.xctest; sourceTree = BUILT_PRODUCTS_DIR; };
		DAA9BC0C2C09CDA500622417 /* NewsApplicationTests.swift */ = {isa = PBXFileReference; lastKnownFileType = sourcecode.swift; path = NewsApplicationTests.swift; sourceTree = "<group>"; };
		DAA9BC122C09CDA500622417 /* NewsApplicationUITests.xctest */ = {isa = PBXFileReference; explicitFileType = wrapper.cfbundle; includeInIndex = 0; path = NewsApplicationUITests.xctest; sourceTree = BUILT_PRODUCTS_DIR; };
		DAA9BC162C09CDA500622417 /* NewsApplicationUITests.swift */ = {isa = PBXFileReference; lastKnownFileType = sourcecode.swift; path = NewsApplicationUITests.swift; sourceTree = "<group>"; };
		DAA9BC182C09CDA500622417 /* NewsApplicationUITestsLaunchTests.swift */ = {isa = PBXFileReference; lastKnownFileType = sourcecode.swift; path = NewsApplicationUITestsLaunchTests.swift; sourceTree = "<group>"; };
		DAA9BC272C09F2CE00622417 /* Main.xib */ = {isa = PBXFileReference; lastKnownFileType = file.xib; path = Main.xib; sourceTree = "<group>"; };
		DAA9BC292C09F2E000622417 /* MainViewController.swift */ = {isa = PBXFileReference; lastKnownFileType = sourcecode.swift; path = MainViewController.swift; sourceTree = "<group>"; };
		DAA9BC2C2C09F80400622417 /* UIView+Extension.swift */ = {isa = PBXFileReference; lastKnownFileType = sourcecode.swift; path = "UIView+Extension.swift"; sourceTree = "<group>"; };
		DAA9BC302C09F87B00622417 /* SectionNewsTab.xib */ = {isa = PBXFileReference; lastKnownFileType = file.xib; path = SectionNewsTab.xib; sourceTree = "<group>"; };
		DAA9BC322C09F88600622417 /* SectionNewsTab.swift */ = {isa = PBXFileReference; lastKnownFileType = sourcecode.swift; path = SectionNewsTab.swift; sourceTree = "<group>"; };
		DAA9BC392C09FBC200622417 /* NewsTableViewCell.swift */ = {isa = PBXFileReference; lastKnownFileType = sourcecode.swift; path = NewsTableViewCell.swift; sourceTree = "<group>"; };
		DAA9BC3A2C09FBC200622417 /* NewsTableViewCell.xib */ = {isa = PBXFileReference; lastKnownFileType = file.xib; path = NewsTableViewCell.xib; sourceTree = "<group>"; };
		DAAD95FC2C0CD28400E62030 /* TopicNewsViewModel.swift */ = {isa = PBXFileReference; lastKnownFileType = sourcecode.swift; path = TopicNewsViewModel.swift; sourceTree = "<group>"; };
		DAB8DA592C0F058E0053C8DC /* UIViewController+Extension.swift */ = {isa = PBXFileReference; lastKnownFileType = sourcecode.swift; path = "UIViewController+Extension.swift"; sourceTree = "<group>"; };
		DAB8DA5B2C0F08940053C8DC /* PopupModel.swift */ = {isa = PBXFileReference; lastKnownFileType = sourcecode.swift; path = PopupModel.swift; sourceTree = "<group>"; };
		DAC6C2E32C0CF93E002471B4 /* NewsImageTableTableViewCell.swift */ = {isa = PBXFileReference; lastKnownFileType = sourcecode.swift; path = NewsImageTableTableViewCell.swift; sourceTree = "<group>"; };
		DAC6C2E42C0CF93E002471B4 /* NewsImageTableTableViewCell.xib */ = {isa = PBXFileReference; lastKnownFileType = file.xib; path = NewsImageTableTableViewCell.xib; sourceTree = "<group>"; };
		DAC6C2E82C0D02E7002471B4 /* DetailNews.xib */ = {isa = PBXFileReference; lastKnownFileType = file.xib; path = DetailNews.xib; sourceTree = "<group>"; };
		DAC6C2EA2C0D02EE002471B4 /* DetailNewsViewController.swift */ = {isa = PBXFileReference; lastKnownFileType = sourcecode.swift; path = DetailNewsViewController.swift; sourceTree = "<group>"; };
/* End PBXFileReference section */

/* Begin PBXFrameworksBuildPhase section */
		DAA9BBEF2C09CD9C00622417 /* Frameworks */ = {
			isa = PBXFrameworksBuildPhase;
			buildActionMask = 2147483647;
			files = (
				337E206E7F0B0B898DB4214C /* Pods_NewsApplication.framework in Frameworks */,
			);
			runOnlyForDeploymentPostprocessing = 0;
		};
		DAA9BC052C09CDA500622417 /* Frameworks */ = {
			isa = PBXFrameworksBuildPhase;
			buildActionMask = 2147483647;
			files = (
				252DEB30338280846E8EDB8D /* Pods_NewsApplicationTests.framework in Frameworks */,
			);
			runOnlyForDeploymentPostprocessing = 0;
		};
		DAA9BC0F2C09CDA500622417 /* Frameworks */ = {
			isa = PBXFrameworksBuildPhase;
			buildActionMask = 2147483647;
			files = (
				D49F7CC7E7BC6A775778356C /* Pods_NewsApplication_NewsApplicationUITests.framework in Frameworks */,
			);
			runOnlyForDeploymentPostprocessing = 0;
		};
/* End PBXFrameworksBuildPhase section */

/* Begin PBXGroup section */
		353A0386964BCC62974E9034 /* Pods */ = {
			isa = PBXGroup;
			children = (
				9E5407798716AA4B891034C3 /* Pods-NewsApplication.debug.xcconfig */,
				0CDEF9EFFE9DEA0E1FCD27E1 /* Pods-NewsApplication.release.xcconfig */,
				D4BD2A5DD6A6356DED2ED718 /* Pods-NewsApplication-NewsApplicationUITests.debug.xcconfig */,
				A33E1148D6D43E9A63A369A2 /* Pods-NewsApplication-NewsApplicationUITests.release.xcconfig */,
				8F2575EEDA47D7AC30FE9DEC /* Pods-NewsApplicationTests.debug.xcconfig */,
				056B4DADB05E7E42AE012FB1 /* Pods-NewsApplicationTests.release.xcconfig */,
			);
			path = Pods;
			sourceTree = "<group>";
		};
		C2C9DDB22E7C14AEEF68B61A /* Frameworks */ = {
			isa = PBXGroup;
			children = (
				A79084F636C5DC1C61889DF5 /* Pods_NewsApplication.framework */,
				CF4A60AA491735B9C9A1F6C1 /* Pods_NewsApplication_NewsApplicationUITests.framework */,
				80F80CEE49ED88C45B0B75FD /* Pods_NewsApplicationTests.framework */,
			);
			name = Frameworks;
			sourceTree = "<group>";
		};
		DA06B3292C0DDF9200C09DB1 /* SearchNews */ = {
			isa = PBXGroup;
			children = (
				DA06B32A2C0DDFA100C09DB1 /* SearchNewsViewController.swift */,
				DA06B32C2C0DDFCD00C09DB1 /* SearchNews.xib */,
				DA06B3332C0DE4F800C09DB1 /* SearchNewsViewModel.swift */,
			);
			path = SearchNews;
			sourceTree = "<group>";
		};
		DA06B32E2C0DE0BB00C09DB1 /* SearchField */ = {
			isa = PBXGroup;
			children = (
				DA06B32F2C0DE0CD00C09DB1 /* SearchFieldView.swift */,
				DA06B3312C0DE0D700C09DB1 /* SearchFieldView.xib */,
			);
			path = SearchField;
			sourceTree = "<group>";
		};
		DA7C656B2C0A058B00629404 /* UICollectionViewCell */ = {
			isa = PBXGroup;
			children = (
				DA7C656C2C0A059200629404 /* NewsCollectionViewCell */,
			);
			path = UICollectionViewCell;
			sourceTree = "<group>";
		};
		DA7C656C2C0A059200629404 /* NewsCollectionViewCell */ = {
			isa = PBXGroup;
			children = (
				DA7C656D2C0A05AD00629404 /* NewsCollectionViewCell.swift */,
				DA7C656E2C0A05AD00629404 /* NewsCollectionViewCell.xib */,
			);
			path = NewsCollectionViewCell;
			sourceTree = "<group>";
		};
		DA7C65712C0A544A00629404 /* Class */ = {
			isa = PBXGroup;
			children = (
				DA7C65722C0A546900629404 /* Configuration.swift */,
				DA7C65742C0A54D900629404 /* Network.swift */,
				DA06B3272C0DDF2900C09DB1 /* MainTabbarViewController.swift */,
				DAB8DA592C0F058E0053C8DC /* UIViewController+Extension.swift */,
			);
			path = Class;
			sourceTree = "<group>";
		};
		DA7C65762C0A566D00629404 /* Model */ = {
			isa = PBXGroup;
			children = (
				DA7C65772C0A567700629404 /* NewsModel.swift */,
				DAB8DA5B2C0F08940053C8DC /* PopupModel.swift */,
			);
			path = Model;
			sourceTree = "<group>";
		};
		DA9B4FC62C0CCC8E00049223 /* TopicNews */ = {
			isa = PBXGroup;
			children = (
				DA9B4FC72C0CCCA600049223 /* TopicNews.xib */,
				DA9B4FC92C0CCCB100049223 /* TopicNewsViewController.swift */,
				DAAD95FC2C0CD28400E62030 /* TopicNewsViewModel.swift */,
			);
			path = TopicNews;
			sourceTree = "<group>";
		};
		DAA9BBE92C09CD9C00622417 = {
			isa = PBXGroup;
			children = (
				DAA9BBF42C09CD9C00622417 /* NewsApplication */,
				DAA9BC0B2C09CDA500622417 /* NewsApplicationTests */,
				DAA9BC152C09CDA500622417 /* NewsApplicationUITests */,
				DAA9BBF32C09CD9C00622417 /* Products */,
				353A0386964BCC62974E9034 /* Pods */,
				C2C9DDB22E7C14AEEF68B61A /* Frameworks */,
			);
			sourceTree = "<group>";
		};
		DAA9BBF32C09CD9C00622417 /* Products */ = {
			isa = PBXGroup;
			children = (
				DAA9BBF22C09CD9C00622417 /* NewsApplication.app */,
				DAA9BC082C09CDA500622417 /* NewsApplicationTests.xctest */,
				DAA9BC122C09CDA500622417 /* NewsApplicationUITests.xctest */,
			);
			name = Products;
			sourceTree = "<group>";
		};
		DAA9BBF42C09CD9C00622417 /* NewsApplication */ = {
			isa = PBXGroup;
			children = (
				DA7C65762C0A566D00629404 /* Model */,
				DA7C65712C0A544A00629404 /* Class */,
				DAA9BC2E2C09F84000622417 /* Component */,
				DAA9BC2B2C09F7F100622417 /* Extension */,
				DAA9BC252C09F29E00622417 /* Flow */,
				DAA9BBF52C09CD9C00622417 /* AppDelegate.swift */,
				DAA9BBF72C09CD9D00622417 /* SceneDelegate.swift */,
				DAA9BBF92C09CD9D00622417 /* ViewController.swift */,
				DAA9BBFE2C09CDA400622417 /* Assets.xcassets */,
				DAA9BC002C09CDA400622417 /* LaunchScreen.storyboard */,
				DAA9BC032C09CDA400622417 /* Info.plist */,
			);
			path = NewsApplication;
			sourceTree = "<group>";
		};
		DAA9BC0B2C09CDA500622417 /* NewsApplicationTests */ = {
			isa = PBXGroup;
			children = (
				DAA9BC0C2C09CDA500622417 /* NewsApplicationTests.swift */,
			);
			path = NewsApplicationTests;
			sourceTree = "<group>";
		};
		DAA9BC152C09CDA500622417 /* NewsApplicationUITests */ = {
			isa = PBXGroup;
			children = (
				DAA9BC162C09CDA500622417 /* NewsApplicationUITests.swift */,
				DAA9BC182C09CDA500622417 /* NewsApplicationUITestsLaunchTests.swift */,
			);
			path = NewsApplicationUITests;
			sourceTree = "<group>";
		};
		DAA9BC252C09F29E00622417 /* Flow */ = {
			isa = PBXGroup;
			children = (
				DA06B3292C0DDF9200C09DB1 /* SearchNews */,
				DAC6C2E72C0D02D7002471B4 /* DetailNews */,
				DA9B4FC62C0CCC8E00049223 /* TopicNews */,
				DAA9BC262C09F2B100622417 /* Main */,
			);
			path = Flow;
			sourceTree = "<group>";
		};
		DAA9BC262C09F2B100622417 /* Main */ = {
			isa = PBXGroup;
			children = (
				DAA9BC272C09F2CE00622417 /* Main.xib */,
				DAA9BC292C09F2E000622417 /* MainViewController.swift */,
				DA7C65792C0B2A7E00629404 /* MainViewModel.swift */,
			);
			path = Main;
			sourceTree = "<group>";
		};
		DAA9BC2B2C09F7F100622417 /* Extension */ = {
			isa = PBXGroup;
			children = (
				DAA9BC2C2C09F80400622417 /* UIView+Extension.swift */,
			);
			path = Extension;
			sourceTree = "<group>";
		};
		DAA9BC2E2C09F84000622417 /* Component */ = {
			isa = PBXGroup;
			children = (
				DA7C656B2C0A058B00629404 /* UICollectionViewCell */,
				DAA9BC372C09FB9700622417 /* UITableViewCell */,
				DAA9BC362C09FB6F00622417 /* UIView */,
			);
			path = Component;
			sourceTree = "<group>";
		};
		DAA9BC2F2C09F85200622417 /* SectionNewsTab */ = {
			isa = PBXGroup;
			children = (
				DAA9BC302C09F87B00622417 /* SectionNewsTab.xib */,
				DAA9BC322C09F88600622417 /* SectionNewsTab.swift */,
			);
			path = SectionNewsTab;
			sourceTree = "<group>";
		};
		DAA9BC362C09FB6F00622417 /* UIView */ = {
			isa = PBXGroup;
			children = (
				DA06B32E2C0DE0BB00C09DB1 /* SearchField */,
				DAA9BC2F2C09F85200622417 /* SectionNewsTab */,
			);
			path = UIView;
			sourceTree = "<group>";
		};
		DAA9BC372C09FB9700622417 /* UITableViewCell */ = {
			isa = PBXGroup;
			children = (
				DAC6C2E22C0CF925002471B4 /* NewsImageTableViewCell */,
				DAA9BC382C09FBA400622417 /* NewsTableViewCell */,
			);
			path = UITableViewCell;
			sourceTree = "<group>";
		};
		DAA9BC382C09FBA400622417 /* NewsTableViewCell */ = {
			isa = PBXGroup;
			children = (
				DAA9BC392C09FBC200622417 /* NewsTableViewCell.swift */,
				DAA9BC3A2C09FBC200622417 /* NewsTableViewCell.xib */,
			);
			path = NewsTableViewCell;
			sourceTree = "<group>";
		};
		DAC6C2E22C0CF925002471B4 /* NewsImageTableViewCell */ = {
			isa = PBXGroup;
			children = (
				DAC6C2E32C0CF93E002471B4 /* NewsImageTableTableViewCell.swift */,
				DAC6C2E42C0CF93E002471B4 /* NewsImageTableTableViewCell.xib */,
			);
			path = NewsImageTableViewCell;
			sourceTree = "<group>";
		};
		DAC6C2E72C0D02D7002471B4 /* DetailNews */ = {
			isa = PBXGroup;
			children = (
				DAC6C2E82C0D02E7002471B4 /* DetailNews.xib */,
				DAC6C2EA2C0D02EE002471B4 /* DetailNewsViewController.swift */,
			);
			path = DetailNews;
			sourceTree = "<group>";
		};
/* End PBXGroup section */

/* Begin PBXNativeTarget section */
		DAA9BBF12C09CD9C00622417 /* NewsApplication */ = {
			isa = PBXNativeTarget;
			buildConfigurationList = DAA9BC1C2C09CDA500622417 /* Build configuration list for PBXNativeTarget "NewsApplication" */;
			buildPhases = (
				C5AEB112A1FA6413B46B60AE /* [CP] Check Pods Manifest.lock */,
				DAA9BBEE2C09CD9C00622417 /* Sources */,
				DAA9BBEF2C09CD9C00622417 /* Frameworks */,
				DAA9BBF02C09CD9C00622417 /* Resources */,
				68289405AA05CEB17B95C05A /* [CP] Embed Pods Frameworks */,
			);
			buildRules = (
			);
			dependencies = (
			);
			name = NewsApplication;
			productName = NewsApplication;
			productReference = DAA9BBF22C09CD9C00622417 /* NewsApplication.app */;
			productType = "com.apple.product-type.application";
		};
		DAA9BC072C09CDA500622417 /* NewsApplicationTests */ = {
			isa = PBXNativeTarget;
			buildConfigurationList = DAA9BC1F2C09CDA500622417 /* Build configuration list for PBXNativeTarget "NewsApplicationTests" */;
			buildPhases = (
				FE60D2284CB96D2F287FFF50 /* [CP] Check Pods Manifest.lock */,
				DAA9BC042C09CDA500622417 /* Sources */,
				DAA9BC052C09CDA500622417 /* Frameworks */,
				DAA9BC062C09CDA500622417 /* Resources */,
			);
			buildRules = (
			);
			dependencies = (
				DAA9BC0A2C09CDA500622417 /* PBXTargetDependency */,
			);
			name = NewsApplicationTests;
			productName = NewsApplicationTests;
			productReference = DAA9BC082C09CDA500622417 /* NewsApplicationTests.xctest */;
			productType = "com.apple.product-type.bundle.unit-test";
		};
		DAA9BC112C09CDA500622417 /* NewsApplicationUITests */ = {
			isa = PBXNativeTarget;
			buildConfigurationList = DAA9BC222C09CDA500622417 /* Build configuration list for PBXNativeTarget "NewsApplicationUITests" */;
			buildPhases = (
				593EE3510A8E19198DC83407 /* [CP] Check Pods Manifest.lock */,
				DAA9BC0E2C09CDA500622417 /* Sources */,
				DAA9BC0F2C09CDA500622417 /* Frameworks */,
				DAA9BC102C09CDA500622417 /* Resources */,
				3F163F58AB4C9D859B7FE5C3 /* [CP] Embed Pods Frameworks */,
			);
			buildRules = (
			);
			dependencies = (
				DAA9BC142C09CDA500622417 /* PBXTargetDependency */,
			);
			name = NewsApplicationUITests;
			productName = NewsApplicationUITests;
			productReference = DAA9BC122C09CDA500622417 /* NewsApplicationUITests.xctest */;
			productType = "com.apple.product-type.bundle.ui-testing";
		};
/* End PBXNativeTarget section */

/* Begin PBXProject section */
		DAA9BBEA2C09CD9C00622417 /* Project object */ = {
			isa = PBXProject;
			attributes = {
				BuildIndependentTargetsInParallel = 1;
				LastSwiftUpdateCheck = 1530;
				LastUpgradeCheck = 1530;
				TargetAttributes = {
					DAA9BBF12C09CD9C00622417 = {
						CreatedOnToolsVersion = 15.3;
					};
					DAA9BC072C09CDA500622417 = {
						CreatedOnToolsVersion = 15.3;
						TestTargetID = DAA9BBF12C09CD9C00622417;
					};
					DAA9BC112C09CDA500622417 = {
						CreatedOnToolsVersion = 15.3;
						TestTargetID = DAA9BBF12C09CD9C00622417;
					};
				};
			};
			buildConfigurationList = DAA9BBED2C09CD9C00622417 /* Build configuration list for PBXProject "NewsApplication" */;
			compatibilityVersion = "Xcode 14.0";
			developmentRegion = en;
			hasScannedForEncodings = 0;
			knownRegions = (
				en,
				Base,
			);
			mainGroup = DAA9BBE92C09CD9C00622417;
			productRefGroup = DAA9BBF32C09CD9C00622417 /* Products */;
			projectDirPath = "";
			projectRoot = "";
			targets = (
				DAA9BBF12C09CD9C00622417 /* NewsApplication */,
				DAA9BC072C09CDA500622417 /* NewsApplicationTests */,
				DAA9BC112C09CDA500622417 /* NewsApplicationUITests */,
			);
		};
/* End PBXProject section */

/* Begin PBXResourcesBuildPhase section */
		DAA9BBF02C09CD9C00622417 /* Resources */ = {
			isa = PBXResourcesBuildPhase;
			buildActionMask = 2147483647;
			files = (
				DA9B4FC82C0CCCA600049223 /* TopicNews.xib in Resources */,
				DAA9BC312C09F87B00622417 /* SectionNewsTab.xib in Resources */,
				DAA9BBFF2C09CDA400622417 /* Assets.xcassets in Resources */,
				DAC6C2E92C0D02E7002471B4 /* DetailNews.xib in Resources */,
				DA06B32D2C0DDFCD00C09DB1 /* SearchNews.xib in Resources */,
				DA06B3322C0DE0D700C09DB1 /* SearchFieldView.xib in Resources */,
				DAC6C2E62C0CF93E002471B4 /* NewsImageTableTableViewCell.xib in Resources */,
				DAA9BC282C09F2CE00622417 /* Main.xib in Resources */,
				DAA9BC022C09CDA400622417 /* Base in Resources */,
				DAA9BC3B2C09FBC200622417 /* NewsTableViewCell.xib in Resources */,
				DA7C65702C0A05AD00629404 /* NewsCollectionViewCell.xib in Resources */,
			);
			runOnlyForDeploymentPostprocessing = 0;
		};
		DAA9BC062C09CDA500622417 /* Resources */ = {
			isa = PBXResourcesBuildPhase;
			buildActionMask = 2147483647;
			files = (
			);
			runOnlyForDeploymentPostprocessing = 0;
		};
		DAA9BC102C09CDA500622417 /* Resources */ = {
			isa = PBXResourcesBuildPhase;
			buildActionMask = 2147483647;
			files = (
			);
			runOnlyForDeploymentPostprocessing = 0;
		};
/* End PBXResourcesBuildPhase section */

/* Begin PBXShellScriptBuildPhase section */
		3F163F58AB4C9D859B7FE5C3 /* [CP] Embed Pods Frameworks */ = {
			isa = PBXShellScriptBuildPhase;
			buildActionMask = 2147483647;
			files = (
			);
			inputFileListPaths = (
				"${PODS_ROOT}/Target Support Files/Pods-NewsApplication-NewsApplicationUITests/Pods-NewsApplication-NewsApplicationUITests-frameworks-${CONFIGURATION}-input-files.xcfilelist",
			);
			name = "[CP] Embed Pods Frameworks";
			outputFileListPaths = (
				"${PODS_ROOT}/Target Support Files/Pods-NewsApplication-NewsApplicationUITests/Pods-NewsApplication-NewsApplicationUITests-frameworks-${CONFIGURATION}-output-files.xcfilelist",
			);
			runOnlyForDeploymentPostprocessing = 0;
			shellPath = /bin/sh;
			shellScript = "\"${PODS_ROOT}/Target Support Files/Pods-NewsApplication-NewsApplicationUITests/Pods-NewsApplication-NewsApplicationUITests-frameworks.sh\"\n";
			showEnvVarsInLog = 0;
		};
		593EE3510A8E19198DC83407 /* [CP] Check Pods Manifest.lock */ = {
			isa = PBXShellScriptBuildPhase;
			buildActionMask = 2147483647;
			files = (
			);
			inputFileListPaths = (
			);
			inputPaths = (
				"${PODS_PODFILE_DIR_PATH}/Podfile.lock",
				"${PODS_ROOT}/Manifest.lock",
			);
			name = "[CP] Check Pods Manifest.lock";
			outputFileListPaths = (
			);
			outputPaths = (
				"$(DERIVED_FILE_DIR)/Pods-NewsApplication-NewsApplicationUITests-checkManifestLockResult.txt",
			);
			runOnlyForDeploymentPostprocessing = 0;
			shellPath = /bin/sh;
			shellScript = "diff \"${PODS_PODFILE_DIR_PATH}/Podfile.lock\" \"${PODS_ROOT}/Manifest.lock\" > /dev/null\nif [ $? != 0 ] ; then\n    # print error to STDERR\n    echo \"error: The sandbox is not in sync with the Podfile.lock. Run 'pod install' or update your CocoaPods installation.\" >&2\n    exit 1\nfi\n# This output is used by Xcode 'outputs' to avoid re-running this script phase.\necho \"SUCCESS\" > \"${SCRIPT_OUTPUT_FILE_0}\"\n";
			showEnvVarsInLog = 0;
		};
		68289405AA05CEB17B95C05A /* [CP] Embed Pods Frameworks */ = {
			isa = PBXShellScriptBuildPhase;
			buildActionMask = 2147483647;
			files = (
			);
			inputFileListPaths = (
				"${PODS_ROOT}/Target Support Files/Pods-NewsApplication/Pods-NewsApplication-frameworks-${CONFIGURATION}-input-files.xcfilelist",
			);
			name = "[CP] Embed Pods Frameworks";
			outputFileListPaths = (
				"${PODS_ROOT}/Target Support Files/Pods-NewsApplication/Pods-NewsApplication-frameworks-${CONFIGURATION}-output-files.xcfilelist",
			);
			runOnlyForDeploymentPostprocessing = 0;
			shellPath = /bin/sh;
			shellScript = "\"${PODS_ROOT}/Target Support Files/Pods-NewsApplication/Pods-NewsApplication-frameworks.sh\"\n";
			showEnvVarsInLog = 0;
		};
		C5AEB112A1FA6413B46B60AE /* [CP] Check Pods Manifest.lock */ = {
			isa = PBXShellScriptBuildPhase;
			buildActionMask = 2147483647;
			files = (
			);
			inputFileListPaths = (
			);
			inputPaths = (
				"${PODS_PODFILE_DIR_PATH}/Podfile.lock",
				"${PODS_ROOT}/Manifest.lock",
			);
			name = "[CP] Check Pods Manifest.lock";
			outputFileListPaths = (
			);
			outputPaths = (
				"$(DERIVED_FILE_DIR)/Pods-NewsApplication-checkManifestLockResult.txt",
			);
			runOnlyForDeploymentPostprocessing = 0;
			shellPath = /bin/sh;
			shellScript = "diff \"${PODS_PODFILE_DIR_PATH}/Podfile.lock\" \"${PODS_ROOT}/Manifest.lock\" > /dev/null\nif [ $? != 0 ] ; then\n    # print error to STDERR\n    echo \"error: The sandbox is not in sync with the Podfile.lock. Run 'pod install' or update your CocoaPods installation.\" >&2\n    exit 1\nfi\n# This output is used by Xcode 'outputs' to avoid re-running this script phase.\necho \"SUCCESS\" > \"${SCRIPT_OUTPUT_FILE_0}\"\n";
			showEnvVarsInLog = 0;
		};
		FE60D2284CB96D2F287FFF50 /* [CP] Check Pods Manifest.lock */ = {
			isa = PBXShellScriptBuildPhase;
			buildActionMask = 2147483647;
			files = (
			);
			inputFileListPaths = (
			);
			inputPaths = (
				"${PODS_PODFILE_DIR_PATH}/Podfile.lock",
				"${PODS_ROOT}/Manifest.lock",
			);
			name = "[CP] Check Pods Manifest.lock";
			outputFileListPaths = (
			);
			outputPaths = (
				"$(DERIVED_FILE_DIR)/Pods-NewsApplicationTests-checkManifestLockResult.txt",
			);
			runOnlyForDeploymentPostprocessing = 0;
			shellPath = /bin/sh;
			shellScript = "diff \"${PODS_PODFILE_DIR_PATH}/Podfile.lock\" \"${PODS_ROOT}/Manifest.lock\" > /dev/null\nif [ $? != 0 ] ; then\n    # print error to STDERR\n    echo \"error: The sandbox is not in sync with the Podfile.lock. Run 'pod install' or update your CocoaPods installation.\" >&2\n    exit 1\nfi\n# This output is used by Xcode 'outputs' to avoid re-running this script phase.\necho \"SUCCESS\" > \"${SCRIPT_OUTPUT_FILE_0}\"\n";
			showEnvVarsInLog = 0;
		};
/* End PBXShellScriptBuildPhase section */

/* Begin PBXSourcesBuildPhase section */
		DAA9BBEE2C09CD9C00622417 /* Sources */ = {
			isa = PBXSourcesBuildPhase;
			buildActionMask = 2147483647;
			files = (
				DA7C65752C0A54D900629404 /* Network.swift in Sources */,
				DA06B32B2C0DDFA100C09DB1 /* SearchNewsViewController.swift in Sources */,
				DAA9BBFA2C09CD9D00622417 /* ViewController.swift in Sources */,
				DAA9BC3C2C09FBC200622417 /* NewsTableViewCell.swift in Sources */,
				DAA9BBF62C09CD9C00622417 /* AppDelegate.swift in Sources */,
				DA7C65732C0A546900629404 /* Configuration.swift in Sources */,
				DA06B3302C0DE0CD00C09DB1 /* SearchFieldView.swift in Sources */,
				DA7C656F2C0A05AD00629404 /* NewsCollectionViewCell.swift in Sources */,
				DA7C65782C0A567700629404 /* NewsModel.swift in Sources */,
				DAAD95FD2C0CD28400E62030 /* TopicNewsViewModel.swift in Sources */,
				DAA9BC332C09F88600622417 /* SectionNewsTab.swift in Sources */,
				DAA9BBF82C09CD9D00622417 /* SceneDelegate.swift in Sources */,
				DAA9BC2D2C09F80400622417 /* UIView+Extension.swift in Sources */,
				DAC6C2EB2C0D02EE002471B4 /* DetailNewsViewController.swift in Sources */,
				DAC6C2E52C0CF93E002471B4 /* NewsImageTableTableViewCell.swift in Sources */,
				DA06B3342C0DE4F800C09DB1 /* SearchNewsViewModel.swift in Sources */,
				DAB8DA5C2C0F08940053C8DC /* PopupModel.swift in Sources */,
				DAA9BC2A2C09F2E000622417 /* MainViewController.swift in Sources */,
				DA06B3282C0DDF2900C09DB1 /* MainTabbarViewController.swift in Sources */,
				DAB8DA5A2C0F058E0053C8DC /* UIViewController+Extension.swift in Sources */,
				DA9B4FCA2C0CCCB100049223 /* TopicNewsViewController.swift in Sources */,
				DA7C657A2C0B2A7E00629404 /* MainViewModel.swift in Sources */,
			);
			runOnlyForDeploymentPostprocessing = 0;
		};
		DAA9BC042C09CDA500622417 /* Sources */ = {
			isa = PBXSourcesBuildPhase;
			buildActionMask = 2147483647;
			files = (
				DAA9BC0D2C09CDA500622417 /* NewsApplicationTests.swift in Sources */,
			);
			runOnlyForDeploymentPostprocessing = 0;
		};
		DAA9BC0E2C09CDA500622417 /* Sources */ = {
			isa = PBXSourcesBuildPhase;
			buildActionMask = 2147483647;
			files = (
				DAA9BC192C09CDA500622417 /* NewsApplicationUITestsLaunchTests.swift in Sources */,
				DAA9BC172C09CDA500622417 /* NewsApplicationUITests.swift in Sources */,
			);
			runOnlyForDeploymentPostprocessing = 0;
		};
/* End PBXSourcesBuildPhase section */

/* Begin PBXTargetDependency section */
		DAA9BC0A2C09CDA500622417 /* PBXTargetDependency */ = {
			isa = PBXTargetDependency;
			target = DAA9BBF12C09CD9C00622417 /* NewsApplication */;
			targetProxy = DAA9BC092C09CDA500622417 /* PBXContainerItemProxy */;
		};
		DAA9BC142C09CDA500622417 /* PBXTargetDependency */ = {
			isa = PBXTargetDependency;
			target = DAA9BBF12C09CD9C00622417 /* NewsApplication */;
			targetProxy = DAA9BC132C09CDA500622417 /* PBXContainerItemProxy */;
		};
/* End PBXTargetDependency section */

/* Begin PBXVariantGroup section */
		DAA9BC002C09CDA400622417 /* LaunchScreen.storyboard */ = {
			isa = PBXVariantGroup;
			children = (
				DAA9BC012C09CDA400622417 /* Base */,
			);
			name = LaunchScreen.storyboard;
			sourceTree = "<group>";
		};
/* End PBXVariantGroup section */

/* Begin XCBuildConfiguration section */
		DAA9BC1A2C09CDA500622417 /* Debug */ = {
			isa = XCBuildConfiguration;
			buildSettings = {
				ALWAYS_SEARCH_USER_PATHS = NO;
				ASSETCATALOG_COMPILER_GENERATE_SWIFT_ASSET_SYMBOL_EXTENSIONS = YES;
				CLANG_ANALYZER_NONNULL = YES;
				CLANG_ANALYZER_NUMBER_OBJECT_CONVERSION = YES_AGGRESSIVE;
				CLANG_CXX_LANGUAGE_STANDARD = "gnu++20";
				CLANG_ENABLE_MODULES = YES;
				CLANG_ENABLE_OBJC_ARC = YES;
				CLANG_ENABLE_OBJC_WEAK = YES;
				CLANG_WARN_BLOCK_CAPTURE_AUTORELEASING = YES;
				CLANG_WARN_BOOL_CONVERSION = YES;
				CLANG_WARN_COMMA = YES;
				CLANG_WARN_CONSTANT_CONVERSION = YES;
				CLANG_WARN_DEPRECATED_OBJC_IMPLEMENTATIONS = YES;
				CLANG_WARN_DIRECT_OBJC_ISA_USAGE = YES_ERROR;
				CLANG_WARN_DOCUMENTATION_COMMENTS = YES;
				CLANG_WARN_EMPTY_BODY = YES;
				CLANG_WARN_ENUM_CONVERSION = YES;
				CLANG_WARN_INFINITE_RECURSION = YES;
				CLANG_WARN_INT_CONVERSION = YES;
				CLANG_WARN_NON_LITERAL_NULL_CONVERSION = YES;
				CLANG_WARN_OBJC_IMPLICIT_RETAIN_SELF = YES;
				CLANG_WARN_OBJC_LITERAL_CONVERSION = YES;
				CLANG_WARN_OBJC_ROOT_CLASS = YES_ERROR;
				CLANG_WARN_QUOTED_INCLUDE_IN_FRAMEWORK_HEADER = YES;
				CLANG_WARN_RANGE_LOOP_ANALYSIS = YES;
				CLANG_WARN_STRICT_PROTOTYPES = YES;
				CLANG_WARN_SUSPICIOUS_MOVE = YES;
				CLANG_WARN_UNGUARDED_AVAILABILITY = YES_AGGRESSIVE;
				CLANG_WARN_UNREACHABLE_CODE = YES;
				CLANG_WARN__DUPLICATE_METHOD_MATCH = YES;
				COPY_PHASE_STRIP = NO;
				DEBUG_INFORMATION_FORMAT = dwarf;
				ENABLE_STRICT_OBJC_MSGSEND = YES;
				ENABLE_TESTABILITY = YES;
				ENABLE_USER_SCRIPT_SANDBOXING = NO;
				GCC_C_LANGUAGE_STANDARD = gnu17;
				GCC_DYNAMIC_NO_PIC = NO;
				GCC_NO_COMMON_BLOCKS = YES;
				GCC_OPTIMIZATION_LEVEL = 0;
				GCC_PREPROCESSOR_DEFINITIONS = (
					"DEBUG=1",
					"$(inherited)",
				);
				GCC_WARN_64_TO_32_BIT_CONVERSION = YES;
				GCC_WARN_ABOUT_RETURN_TYPE = YES_ERROR;
				GCC_WARN_UNDECLARED_SELECTOR = YES;
				GCC_WARN_UNINITIALIZED_AUTOS = YES_AGGRESSIVE;
				GCC_WARN_UNUSED_FUNCTION = YES;
				GCC_WARN_UNUSED_VARIABLE = YES;
				IPHONEOS_DEPLOYMENT_TARGET = 17.4;
				LOCALIZATION_PREFERS_STRING_CATALOGS = YES;
				MTL_ENABLE_DEBUG_INFO = INCLUDE_SOURCE;
				MTL_FAST_MATH = YES;
				ONLY_ACTIVE_ARCH = YES;
				SDKROOT = iphoneos;
				SWIFT_ACTIVE_COMPILATION_CONDITIONS = "DEBUG $(inherited)";
				SWIFT_OPTIMIZATION_LEVEL = "-Onone";
			};
			name = Debug;
		};
		DAA9BC1B2C09CDA500622417 /* Release */ = {
			isa = XCBuildConfiguration;
			buildSettings = {
				ALWAYS_SEARCH_USER_PATHS = NO;
				ASSETCATALOG_COMPILER_GENERATE_SWIFT_ASSET_SYMBOL_EXTENSIONS = YES;
				CLANG_ANALYZER_NONNULL = YES;
				CLANG_ANALYZER_NUMBER_OBJECT_CONVERSION = YES_AGGRESSIVE;
				CLANG_CXX_LANGUAGE_STANDARD = "gnu++20";
				CLANG_ENABLE_MODULES = YES;
				CLANG_ENABLE_OBJC_ARC = YES;
				CLANG_ENABLE_OBJC_WEAK = YES;
				CLANG_WARN_BLOCK_CAPTURE_AUTORELEASING = YES;
				CLANG_WARN_BOOL_CONVERSION = YES;
				CLANG_WARN_COMMA = YES;
				CLANG_WARN_CONSTANT_CONVERSION = YES;
				CLANG_WARN_DEPRECATED_OBJC_IMPLEMENTATIONS = YES;
				CLANG_WARN_DIRECT_OBJC_ISA_USAGE = YES_ERROR;
				CLANG_WARN_DOCUMENTATION_COMMENTS = YES;
				CLANG_WARN_EMPTY_BODY = YES;
				CLANG_WARN_ENUM_CONVERSION = YES;
				CLANG_WARN_INFINITE_RECURSION = YES;
				CLANG_WARN_INT_CONVERSION = YES;
				CLANG_WARN_NON_LITERAL_NULL_CONVERSION = YES;
				CLANG_WARN_OBJC_IMPLICIT_RETAIN_SELF = YES;
				CLANG_WARN_OBJC_LITERAL_CONVERSION = YES;
				CLANG_WARN_OBJC_ROOT_CLASS = YES_ERROR;
				CLANG_WARN_QUOTED_INCLUDE_IN_FRAMEWORK_HEADER = YES;
				CLANG_WARN_RANGE_LOOP_ANALYSIS = YES;
				CLANG_WARN_STRICT_PROTOTYPES = YES;
				CLANG_WARN_SUSPICIOUS_MOVE = YES;
				CLANG_WARN_UNGUARDED_AVAILABILITY = YES_AGGRESSIVE;
				CLANG_WARN_UNREACHABLE_CODE = YES;
				CLANG_WARN__DUPLICATE_METHOD_MATCH = YES;
				COPY_PHASE_STRIP = NO;
				DEBUG_INFORMATION_FORMAT = "dwarf-with-dsym";
				ENABLE_NS_ASSERTIONS = NO;
				ENABLE_STRICT_OBJC_MSGSEND = YES;
				ENABLE_USER_SCRIPT_SANDBOXING = NO;
				GCC_C_LANGUAGE_STANDARD = gnu17;
				GCC_NO_COMMON_BLOCKS = YES;
				GCC_WARN_64_TO_32_BIT_CONVERSION = YES;
				GCC_WARN_ABOUT_RETURN_TYPE = YES_ERROR;
				GCC_WARN_UNDECLARED_SELECTOR = YES;
				GCC_WARN_UNINITIALIZED_AUTOS = YES_AGGRESSIVE;
				GCC_WARN_UNUSED_FUNCTION = YES;
				GCC_WARN_UNUSED_VARIABLE = YES;
				IPHONEOS_DEPLOYMENT_TARGET = 17.4;
				LOCALIZATION_PREFERS_STRING_CATALOGS = YES;
				MTL_ENABLE_DEBUG_INFO = NO;
				MTL_FAST_MATH = YES;
				SDKROOT = iphoneos;
				SWIFT_COMPILATION_MODE = wholemodule;
				VALIDATE_PRODUCT = YES;
			};
			name = Release;
		};
		DAA9BC1D2C09CDA500622417 /* Debug */ = {
			isa = XCBuildConfiguration;
			baseConfigurationReference = 9E5407798716AA4B891034C3 /* Pods-NewsApplication.debug.xcconfig */;
			buildSettings = {
				ASSETCATALOG_COMPILER_APPICON_NAME = AppIcon;
				ASSETCATALOG_COMPILER_GLOBAL_ACCENT_COLOR_NAME = AccentColor;
				CODE_SIGN_STYLE = Automatic;
				CURRENT_PROJECT_VERSION = 1;
				GENERATE_INFOPLIST_FILE = YES;
				INFOPLIST_FILE = NewsApplication/Info.plist;
				INFOPLIST_KEY_UIApplicationSupportsIndirectInputEvents = YES;
				INFOPLIST_KEY_UILaunchStoryboardName = LaunchScreen;
				INFOPLIST_KEY_UISupportedInterfaceOrientations = UIInterfaceOrientationPortrait;
				INFOPLIST_KEY_UISupportedInterfaceOrientations_iPad = "UIInterfaceOrientationLandscapeLeft UIInterfaceOrientationLandscapeRight UIInterfaceOrientationPortrait UIInterfaceOrientationPortraitUpsideDown";
				LD_RUNPATH_SEARCH_PATHS = (
					"$(inherited)",
					"@executable_path/Frameworks",
				);
				MARKETING_VERSION = 1.0;
				PRODUCT_BUNDLE_IDENTIFIER = PP.NewsApplication;
				PRODUCT_NAME = "$(TARGET_NAME)";
				SUPPORTED_PLATFORMS = "iphoneos iphonesimulator";
				SUPPORTS_MACCATALYST = NO;
				SUPPORTS_MAC_DESIGNED_FOR_IPHONE_IPAD = NO;
				SUPPORTS_XR_DESIGNED_FOR_IPHONE_IPAD = NO;
				SWIFT_EMIT_LOC_STRINGS = YES;
				SWIFT_VERSION = 5.0;
				TARGETED_DEVICE_FAMILY = 1;
			};
			name = Debug;
		};
		DAA9BC1E2C09CDA500622417 /* Release */ = {
			isa = XCBuildConfiguration;
			baseConfigurationReference = 0CDEF9EFFE9DEA0E1FCD27E1 /* Pods-NewsApplication.release.xcconfig */;
			buildSettings = {
				ASSETCATALOG_COMPILER_APPICON_NAME = AppIcon;
				ASSETCATALOG_COMPILER_GLOBAL_ACCENT_COLOR_NAME = AccentColor;
				CODE_SIGN_STYLE = Automatic;
				CURRENT_PROJECT_VERSION = 1;
				GENERATE_INFOPLIST_FILE = YES;
				INFOPLIST_FILE = NewsApplication/Info.plist;
				INFOPLIST_KEY_UIApplicationSupportsIndirectInputEvents = YES;
				INFOPLIST_KEY_UILaunchStoryboardName = LaunchScreen;
				INFOPLIST_KEY_UISupportedInterfaceOrientations = UIInterfaceOrientationPortrait;
				INFOPLIST_KEY_UISupportedInterfaceOrientations_iPad = "UIInterfaceOrientationLandscapeLeft UIInterfaceOrientationLandscapeRight UIInterfaceOrientationPortrait UIInterfaceOrientationPortraitUpsideDown";
				LD_RUNPATH_SEARCH_PATHS = (
					"$(inherited)",
					"@executable_path/Frameworks",
				);
				MARKETING_VERSION = 1.0;
				PRODUCT_BUNDLE_IDENTIFIER = PP.NewsApplication;
				PRODUCT_NAME = "$(TARGET_NAME)";
				SUPPORTED_PLATFORMS = "iphoneos iphonesimulator";
				SUPPORTS_MACCATALYST = NO;
				SUPPORTS_MAC_DESIGNED_FOR_IPHONE_IPAD = NO;
				SUPPORTS_XR_DESIGNED_FOR_IPHONE_IPAD = NO;
				SWIFT_EMIT_LOC_STRINGS = YES;
				SWIFT_VERSION = 5.0;
				TARGETED_DEVICE_FAMILY = 1;
			};
			name = Release;
		};
		DAA9BC202C09CDA500622417 /* Debug */ = {
			isa = XCBuildConfiguration;
			baseConfigurationReference = 8F2575EEDA47D7AC30FE9DEC /* Pods-NewsApplicationTests.debug.xcconfig */;
			buildSettings = {
				ALWAYS_EMBED_SWIFT_STANDARD_LIBRARIES = YES;
				BUNDLE_LOADER = "$(TEST_HOST)";
				CODE_SIGN_STYLE = Automatic;
				CURRENT_PROJECT_VERSION = 1;
				GENERATE_INFOPLIST_FILE = YES;
				IPHONEOS_DEPLOYMENT_TARGET = 17.4;
				MARKETING_VERSION = 1.0;
				PRODUCT_BUNDLE_IDENTIFIER = PP.NewsApplicationTests;
				PRODUCT_NAME = "$(TARGET_NAME)";
				SWIFT_EMIT_LOC_STRINGS = NO;
				SWIFT_VERSION = 5.0;
				TARGETED_DEVICE_FAMILY = "1,2";
				TEST_HOST = "$(BUILT_PRODUCTS_DIR)/NewsApplication.app/$(BUNDLE_EXECUTABLE_FOLDER_PATH)/NewsApplication";
			};
			name = Debug;
		};
		DAA9BC212C09CDA500622417 /* Release */ = {
			isa = XCBuildConfiguration;
			baseConfigurationReference = 056B4DADB05E7E42AE012FB1 /* Pods-NewsApplicationTests.release.xcconfig */;
			buildSettings = {
				ALWAYS_EMBED_SWIFT_STANDARD_LIBRARIES = YES;
				BUNDLE_LOADER = "$(TEST_HOST)";
				CODE_SIGN_STYLE = Automatic;
				CURRENT_PROJECT_VERSION = 1;
				GENERATE_INFOPLIST_FILE = YES;
				IPHONEOS_DEPLOYMENT_TARGET = 17.4;
				MARKETING_VERSION = 1.0;
				PRODUCT_BUNDLE_IDENTIFIER = PP.NewsApplicationTests;
				PRODUCT_NAME = "$(TARGET_NAME)";
				SWIFT_EMIT_LOC_STRINGS = NO;
				SWIFT_VERSION = 5.0;
				TARGETED_DEVICE_FAMILY = "1,2";
				TEST_HOST = "$(BUILT_PRODUCTS_DIR)/NewsApplication.app/$(BUNDLE_EXECUTABLE_FOLDER_PATH)/NewsApplication";
			};
			name = Release;
		};
		DAA9BC232C09CDA500622417 /* Debug */ = {
			isa = XCBuildConfiguration;
			baseConfigurationReference = D4BD2A5DD6A6356DED2ED718 /* Pods-NewsApplication-NewsApplicationUITests.debug.xcconfig */;
			buildSettings = {
				ALWAYS_EMBED_SWIFT_STANDARD_LIBRARIES = YES;
				CODE_SIGN_STYLE = Automatic;
				CURRENT_PROJECT_VERSION = 1;
				GENERATE_INFOPLIST_FILE = YES;
				MARKETING_VERSION = 1.0;
				PRODUCT_BUNDLE_IDENTIFIER = PP.NewsApplicationUITests;
				PRODUCT_NAME = "$(TARGET_NAME)";
				SWIFT_EMIT_LOC_STRINGS = NO;
				SWIFT_VERSION = 5.0;
				TARGETED_DEVICE_FAMILY = "1,2";
				TEST_TARGET_NAME = NewsApplication;
			};
			name = Debug;
		};
		DAA9BC242C09CDA500622417 /* Release */ = {
			isa = XCBuildConfiguration;
			baseConfigurationReference = A33E1148D6D43E9A63A369A2 /* Pods-NewsApplication-NewsApplicationUITests.release.xcconfig */;
			buildSettings = {
				ALWAYS_EMBED_SWIFT_STANDARD_LIBRARIES = YES;
				CODE_SIGN_STYLE = Automatic;
				CURRENT_PROJECT_VERSION = 1;
				GENERATE_INFOPLIST_FILE = YES;
				MARKETING_VERSION = 1.0;
				PRODUCT_BUNDLE_IDENTIFIER = PP.NewsApplicationUITests;
				PRODUCT_NAME = "$(TARGET_NAME)";
				SWIFT_EMIT_LOC_STRINGS = NO;
				SWIFT_VERSION = 5.0;
				TARGETED_DEVICE_FAMILY = "1,2";
				TEST_TARGET_NAME = NewsApplication;
			};
			name = Release;
		};
/* End XCBuildConfiguration section */

/* Begin XCConfigurationList section */
		DAA9BBED2C09CD9C00622417 /* Build configuration list for PBXProject "NewsApplication" */ = {
			isa = XCConfigurationList;
			buildConfigurations = (
				DAA9BC1A2C09CDA500622417 /* Debug */,
				DAA9BC1B2C09CDA500622417 /* Release */,
			);
			defaultConfigurationIsVisible = 0;
			defaultConfigurationName = Release;
		};
		DAA9BC1C2C09CDA500622417 /* Build configuration list for PBXNativeTarget "NewsApplication" */ = {
			isa = XCConfigurationList;
			buildConfigurations = (
				DAA9BC1D2C09CDA500622417 /* Debug */,
				DAA9BC1E2C09CDA500622417 /* Release */,
			);
			defaultConfigurationIsVisible = 0;
			defaultConfigurationName = Release;
		};
		DAA9BC1F2C09CDA500622417 /* Build configuration list for PBXNativeTarget "NewsApplicationTests" */ = {
			isa = XCConfigurationList;
			buildConfigurations = (
				DAA9BC202C09CDA500622417 /* Debug */,
				DAA9BC212C09CDA500622417 /* Release */,
			);
			defaultConfigurationIsVisible = 0;
			defaultConfigurationName = Release;
		};
		DAA9BC222C09CDA500622417 /* Build configuration list for PBXNativeTarget "NewsApplicationUITests" */ = {
			isa = XCConfigurationList;
			buildConfigurations = (
				DAA9BC232C09CDA500622417 /* Debug */,
				DAA9BC242C09CDA500622417 /* Release */,
			);
			defaultConfigurationIsVisible = 0;
			defaultConfigurationName = Release;
		};
/* End XCConfigurationList section */
	};
	rootObject = DAA9BBEA2C09CD9C00622417 /* Project object */;
}
